{
  "name": "next-phonebook",
  "version": "0.1.0",
  "lockfileVersion": 1,
  "requires": true,
  "dependencies": {
    "@babel/runtime": {
      "version": "7.18.6",
      "resolved": "https://registry.npmjs.org/@babel/runtime/-/runtime-7.18.6.tgz",
      "integrity": "sha512-t9wi7/AW6XtKahAe20Yw0/mMljKq0B1r2fPdvaAdV/KPDZewFXdaaa6K7lxmZBZ8FBNpCiAT6iHPmd6QO9bKfQ==",
      "requires": {
        "regenerator-runtime": "^0.13.4"
      }
    },
    "@next/env": {
      "version": "12.1.6",
      "resolved": "https://registry.npmjs.org/@next/env/-/env-12.1.6.tgz",
      "integrity": "sha512-Te/OBDXFSodPU6jlXYPAXpmZr/AkG6DCATAxttQxqOWaq6eDFX25Db3dK0120GZrSZmv4QCe9KsZmJKDbWs4OA=="
    },
    "@next/swc-android-arm-eabi": {
      "version": "12.1.6",
      "resolved": "https://registry.npmjs.org/@next/swc-android-arm-eabi/-/swc-android-arm-eabi-12.1.6.tgz",
      "integrity": "sha512-BxBr3QAAAXWgk/K7EedvzxJr2dE014mghBSA9iOEAv0bMgF+MRq4PoASjuHi15M2zfowpcRG8XQhMFtxftCleQ==",
      "optional": true
    },
    "@next/swc-android-arm64": {
      "version": "12.1.6",
      "resolved": "https://registry.npmjs.org/@next/swc-android-arm64/-/swc-android-arm64-12.1.6.tgz",
      "integrity": "sha512-EboEk3ROYY7U6WA2RrMt/cXXMokUTXXfnxe2+CU+DOahvbrO8QSWhlBl9I9ZbFzJx28AGB9Yo3oQHCvph/4Lew==",
      "optional": true
    },
    "@next/swc-darwin-arm64": {
      "version": "12.1.6",
      "resolved": "https://registry.npmjs.org/@next/swc-darwin-arm64/-/swc-darwin-arm64-12.1.6.tgz",
      "integrity": "sha512-P0EXU12BMSdNj1F7vdkP/VrYDuCNwBExtRPDYawgSUakzi6qP0iKJpya2BuLvNzXx+XPU49GFuDC5X+SvY0mOw==",
      "optional": true
    },
    "@next/swc-darwin-x64": {
      "version": "12.1.6",
      "resolved": "https://registry.npmjs.org/@next/swc-darwin-x64/-/swc-darwin-x64-12.1.6.tgz",
      "integrity": "sha512-9FptMnbgHJK3dRDzfTpexs9S2hGpzOQxSQbe8omz6Pcl7rnEp9x4uSEKY51ho85JCjL4d0tDLBcXEJZKKLzxNg==",
      "optional": true
    },
    "@next/swc-linux-arm-gnueabihf": {
      "version": "12.1.6",
      "resolved": "https://registry.npmjs.org/@next/swc-linux-arm-gnueabihf/-/swc-linux-arm-gnueabihf-12.1.6.tgz",
      "integrity": "sha512-PvfEa1RR55dsik/IDkCKSFkk6ODNGJqPY3ysVUZqmnWMDSuqFtf7BPWHFa/53znpvVB5XaJ5Z1/6aR5CTIqxPw==",
      "optional": true
    },
    "@next/swc-linux-arm64-gnu": {
      "version": "12.1.6",
      "resolved": "https://registry.npmjs.org/@next/swc-linux-arm64-gnu/-/swc-linux-arm64-gnu-12.1.6.tgz",
      "integrity": "sha512-53QOvX1jBbC2ctnmWHyRhMajGq7QZfl974WYlwclXarVV418X7ed7o/EzGY+YVAEKzIVaAB9JFFWGXn8WWo0gQ==",
      "optional": true
    },
    "@next/swc-linux-arm64-musl": {
      "version": "12.1.6",
      "resolved": "https://registry.npmjs.org/@next/swc-linux-arm64-musl/-/swc-linux-arm64-musl-12.1.6.tgz",
      "integrity": "sha512-CMWAkYqfGdQCS+uuMA1A2UhOfcUYeoqnTW7msLr2RyYAys15pD960hlDfq7QAi8BCAKk0sQ2rjsl0iqMyziohQ==",
      "optional": true
    },
    "@next/swc-linux-x64-gnu": {
      "version": "12.1.6",
      "resolved": "https://registry.npmjs.org/@next/swc-linux-x64-gnu/-/swc-linux-x64-gnu-12.1.6.tgz",
      "integrity": "sha512-AC7jE4Fxpn0s3ujngClIDTiEM/CQiB2N2vkcyWWn6734AmGT03Duq6RYtPMymFobDdAtZGFZd5nR95WjPzbZAQ==",
      "optional": true
    },
    "@next/swc-linux-x64-musl": {
      "version": "12.1.6",
      "resolved": "https://registry.npmjs.org/@next/swc-linux-x64-musl/-/swc-linux-x64-musl-12.1.6.tgz",
      "integrity": "sha512-c9Vjmi0EVk0Kou2qbrynskVarnFwfYIi+wKufR9Ad7/IKKuP6aEhOdZiIIdKsYWRtK2IWRF3h3YmdnEa2WLUag==",
      "optional": true
    },
    "@next/swc-win32-arm64-msvc": {
      "version": "12.1.6",
      "resolved": "https://registry.npmjs.org/@next/swc-win32-arm64-msvc/-/swc-win32-arm64-msvc-12.1.6.tgz",
      "integrity": "sha512-3UTOL/5XZSKFelM7qN0it35o3Cegm6LsyuERR3/OoqEExyj3aCk7F025b54/707HTMAnjlvQK3DzLhPu/xxO4g==",
      "optional": true
    },
    "@next/swc-win32-ia32-msvc": {
      "version": "12.1.6",
      "resolved": "https://registry.npmjs.org/@next/swc-win32-ia32-msvc/-/swc-win32-ia32-msvc-12.1.6.tgz",
      "integrity": "sha512-8ZWoj6nCq6fI1yCzKq6oK0jE6Mxlz4MrEsRyu0TwDztWQWe7rh4XXGLAa2YVPatYcHhMcUL+fQQbqd1MsgaSDA==",
      "optional": true
    },
    "@next/swc-win32-x64-msvc": {
      "version": "12.1.6",
      "resolved": "https://registry.npmjs.org/@next/swc-win32-x64-msvc/-/swc-win32-x64-msvc-12.1.6.tgz",
      "integrity": "sha512-4ZEwiRuZEicXhXqmhw3+de8Z4EpOLQj/gp+D9fFWo6ii6W1kBkNNvvEx4A90ugppu+74pT1lIJnOuz3A9oQeJA==",
      "optional": true
    },
    "@reduxjs/toolkit": {
      "version": "1.8.2",
      "resolved": "https://registry.npmjs.org/@reduxjs/toolkit/-/toolkit-1.8.2.tgz",
      "integrity": "sha512-CtPw5TkN1pHRigMFCOS/0qg3b/yfPV5qGCsltVnIz7bx4PKTJlGHYfIxm97qskLknMzuGfjExaYdXJ77QTL0vg==",
      "requires": {
        "immer": "^9.0.7",
        "redux": "^4.1.2",
        "redux-thunk": "^2.4.1",
        "reselect": "^4.1.5"
      }
    },
    "@types/hoist-non-react-statics": {
      "version": "3.3.1",
      "resolved": "https://registry.npmjs.org/@types/hoist-non-react-statics/-/hoist-non-react-statics-3.3.1.tgz",
      "integrity": "sha512-iMIqiko6ooLrTh1joXodJK5X9xeEALT1kM5G3ZLhD3hszxBdIEd5C75U834D9mLcINgD4OyZf5uQXjkuYydWvA==",
      "requires": {
        "@types/react": "*",
        "hoist-non-react-statics": "^3.3.0"
      }
    },
    "@types/prop-types": {
      "version": "15.7.5",
      "resolved": "https://registry.npmjs.org/@types/prop-types/-/prop-types-15.7.5.tgz",
      "integrity": "sha512-JCB8C6SnDoQf0cNycqd/35A7MjcnK+ZTqE7judS6o7utxUCg6imJg3QK2qzHKszlTjcj2cn+NwMB2i96ubpj7w=="
    },
    "@types/react": {
      "version": "18.0.14",
      "resolved": "https://registry.npmjs.org/@types/react/-/react-18.0.14.tgz",
      "integrity": "sha512-x4gGuASSiWmo0xjDLpm5mPb52syZHJx02VKbqUKdLmKtAwIh63XClGsiTI1K6DO5q7ox4xAsQrU+Gl3+gGXF9Q==",
      "requires": {
        "@types/prop-types": "*",
        "@types/scheduler": "*",
        "csstype": "^3.0.2"
      }
    },
    "@types/scheduler": {
      "version": "0.16.2",
      "resolved": "https://registry.npmjs.org/@types/scheduler/-/scheduler-0.16.2.tgz",
      "integrity": "sha512-hppQEBDmlwhFAXKJX2KnWLYu5yMfi91yazPb2l+lbJiwW+wdo1gNeRA+3RgNSO39WYX2euey41KEwnqesU2Jew=="
    },
    "@types/use-sync-external-store": {
      "version": "0.0.3",
      "resolved": "https://registry.npmjs.org/@types/use-sync-external-store/-/use-sync-external-store-0.0.3.tgz",
      "integrity": "sha512-EwmlvuaxPNej9+T4v5AuBPJa2x2UOJVdjCtDHgcDqitUeOtjnJKJ+apYjVcAoBEMjKW1VVFGZLUb5+qqa09XFA=="
    },
    "caniuse-lite": {
      "version": "1.0.30001359",
      "resolved": "https://registry.npmjs.org/caniuse-lite/-/caniuse-lite-1.0.30001359.tgz",
      "integrity": "sha512-Xln/BAsPzEuiVLgJ2/45IaqD9jShtk3Y33anKb4+yLwQzws3+v6odKfpgES/cDEaZMLzSChpIGdbOYtH9MyuHw=="
    },
    "csstype": {
      "version": "3.1.0",
      "resolved": "https://registry.npmjs.org/csstype/-/csstype-3.1.0.tgz",
      "integrity": "sha512-uX1KG+x9h5hIJsaKR9xHUeUraxf8IODOwq9JLNPq6BwB04a/xgpq3rcx47l5BZu5zBPlgD342tdke3Hom/nJRA=="
    },
    "emoji-picker-react": {
      "version": "3.5.1",
      "resolved": "https://registry.npmjs.org/emoji-picker-react/-/emoji-picker-react-3.5.1.tgz",
      "integrity": "sha512-cuSthFAvUO8Q1N7KJPEgZ7N0JNIWPKgN5GUmKe71UlSD4qFYI/p05RT9nohlWOq6YSFhEy2mI/60zBZiaku4mg=="
    },
    "hoist-non-react-statics": {
      "version": "3.3.2",
      "resolved": "https://registry.npmjs.org/hoist-non-react-statics/-/hoist-non-react-statics-3.3.2.tgz",
      "integrity": "sha512-/gGivxi8JPKWNm/W0jSmzcMPpfpPLc3dY/6GxhX2hQ9iGj3aDfklV4ET7NjKpSinLpJ5vafa9iiGIEZg10SfBw==",
      "requires": {
        "react-is": "^16.7.0"
      },
      "dependencies": {
        "react-is": {
          "version": "16.13.1",
          "resolved": "https://registry.npmjs.org/react-is/-/react-is-16.13.1.tgz",
          "integrity": "sha512-24e6ynE2H+OKt4kqsOvNd8kBpV65zoxbA4BVsEOB3ARVWQki/DHzaUoC5KuON/BiccDaCCTZBuOcfZs70kR8bQ=="
        }
      }
    },
    "immer": {
      "version": "9.0.15",
      "resolved": "https://registry.npmjs.org/immer/-/immer-9.0.15.tgz",
      "integrity": "sha512-2eB/sswms9AEUSkOm4SbV5Y7Vmt/bKRwByd52jfLkW4OLYeaTP3EEiJ9agqU0O/tq6Dk62Zfj+TJSqfm1rLVGQ=="
    },
    "js-tokens": {
      "version": "4.0.0",
      "resolved": "https://registry.npmjs.org/js-tokens/-/js-tokens-4.0.0.tgz",
      "integrity": "sha512-RdJUflcE3cUzKiMqQgsCu06FPu9UdIJO0beYbPhHN4k6apgJtifcoCtT9bcxOpYBtpD2kCM6Sbzg4CausW/PKQ=="
    },
    "loose-envify": {
      "version": "1.4.0",
      "resolved": "https://registry.npmjs.org/loose-envify/-/loose-envify-1.4.0.tgz",
      "integrity": "sha512-lyuxPGr/Wfhrlem2CL/UcnUc1zcqKAImBDzukY7Y5F/yQiNdko6+fRLevlw1HgMySw7f611UIY408EtxRSoK3Q==",
      "requires": {
        "js-tokens": "^3.0.0 || ^4.0.0"
      }
    },
    "nanoid": {
      "version": "3.3.4",
      "resolved": "https://registry.npmjs.org/nanoid/-/nanoid-3.3.4.tgz",
      "integrity": "sha512-MqBkQh/OHTS2egovRtLk45wEyNXwF+cokD+1YPf9u5VfJiRdAiRwB2froX5Co9Rh20xs4siNPm8naNotSD6RBw=="
    },
    "next": {
      "version": "12.1.6",
      "resolved": "https://registry.npmjs.org/next/-/next-12.1.6.tgz",
      "integrity": "sha512-cebwKxL3/DhNKfg9tPZDQmbRKjueqykHHbgaoG4VBRH3AHQJ2HO0dbKFiS1hPhe1/qgc2d/hFeadsbPicmLD+A==",
      "requires": {
        "@next/env": "12.1.6",
        "@next/swc-android-arm-eabi": "12.1.6",
        "@next/swc-android-arm64": "12.1.6",
        "@next/swc-darwin-arm64": "12.1.6",
        "@next/swc-darwin-x64": "12.1.6",
        "@next/swc-linux-arm-gnueabihf": "12.1.6",
        "@next/swc-linux-arm64-gnu": "12.1.6",
        "@next/swc-linux-arm64-musl": "12.1.6",
        "@next/swc-linux-x64-gnu": "12.1.6",
        "@next/swc-linux-x64-musl": "12.1.6",
        "@next/swc-win32-arm64-msvc": "12.1.6",
        "@next/swc-win32-ia32-msvc": "12.1.6",
        "@next/swc-win32-x64-msvc": "12.1.6",
        "caniuse-lite": "^1.0.30001332",
        "postcss": "8.4.5",
        "styled-jsx": "5.0.2"
      }
    },
    "ometa": {
      "version": "0.2.2",
      "resolved": "https://registry.npmjs.org/ometa/-/ometa-0.2.2.tgz",
      "integrity": "sha512-LZuoK/yjU3FvrxPjUXUlZ1bavCfBPqauA7fsNdwi+AVhRdyk2IzgP3JRnevvjzQ6fKHdUw8YISshf53FmpHrng=="
    },
    "picocolors": {
      "version": "1.0.0",
      "resolved": "https://registry.npmjs.org/picocolors/-/picocolors-1.0.0.tgz",
      "integrity": "sha512-1fygroTLlHu66zi26VoTDv8yRgm0Fccecssto+MhsZ0D/DGW2sm8E8AjW7NU5VVTRt5GxbeZ5qBuJr+HyLYkjQ=="
    },
    "postcss": {
      "version": "8.4.5",
      "resolved": "https://registry.npmjs.org/postcss/-/postcss-8.4.5.tgz",
      "integrity": "sha512-jBDboWM8qpaqwkMwItqTQTiFikhs/67OYVvblFFTM7MrZjt6yMKd6r2kgXizEbTTljacm4NldIlZnhbjr84QYg==",
      "requires": {
        "nanoid": "^3.1.30",
        "picocolors": "^1.0.0",
        "source-map-js": "^1.0.1"
      }
    },
    "react": {
      "version": "18.2.0",
      "resolved": "https://registry.npmjs.org/react/-/react-18.2.0.tgz",
      "integrity": "sha512-/3IjMdb2L9QbBdWiW5e3P2/npwMBaU9mHCSCUzNln0ZCYbcfTsGbTJrU/kGemdH2IWmB2ioZ+zkxtmq6g09fGQ==",
      "requires": {
        "loose-envify": "^1.1.0"
      }
    },
    "react-dom": {
      "version": "18.2.0",
      "resolved": "https://registry.npmjs.org/react-dom/-/react-dom-18.2.0.tgz",
      "integrity": "sha512-6IMTriUmvsjHUjNtEDudZfuDQUoWXVxKHhlEGSk81n4YFS+r/Kl99wXiwlVXtPBtJenozv2P+hxDsw9eA7Xo6g==",
      "requires": {
        "loose-envify": "^1.1.0",
        "scheduler": "^0.23.0"
      }
    },
    "react-is": {
      "version": "18.2.0",
      "resolved": "https://registry.npmjs.org/react-is/-/react-is-18.2.0.tgz",
      "integrity": "sha512-xWGDIW6x921xtzPkhiULtthJHoJvBbF3q26fzloPCK0hsvxtPVelvftw3zjbHWSkR2km9Z+4uxbDDK/6Zw9B8w=="
    },
    "react-redux": {
      "version": "8.0.2",
      "resolved": "https://registry.npmjs.org/react-redux/-/react-redux-8.0.2.tgz",
      "integrity": "sha512-nBwiscMw3NoP59NFCXFf02f8xdo+vSHT/uZ1ldDwF7XaTpzm+Phk97VT4urYBl5TYAPNVaFm12UHAEyzkpNzRA==",
      "requires": {
        "@babel/runtime": "^7.12.1",
        "@types/hoist-non-react-statics": "^3.3.1",
        "@types/use-sync-external-store": "^0.0.3",
        "hoist-non-react-statics": "^3.3.2",
        "react-is": "^18.0.0",
        "use-sync-external-store": "^1.0.0"
      }
    },
    "redux": {
      "version": "4.2.0",
      "resolved": "https://registry.npmjs.org/redux/-/redux-4.2.0.tgz",
      "integrity": "sha512-oSBmcKKIuIR4ME29/AeNUnl5L+hvBq7OaJWzaptTQJAntaPvxIJqfnjbaEiCzzaIz+XmVILfqAM3Ob0aXLPfjA==",
      "requires": {
        "@babel/runtime": "^7.9.2"
      }
    },
    "redux-thunk": {
      "version": "2.4.1",
      "resolved": "https://registry.npmjs.org/redux-thunk/-/redux-thunk-2.4.1.tgz",
      "integrity": "sha512-OOYGNY5Jy2TWvTL1KgAlVy6dcx3siPJ1wTq741EPyUKfn6W6nChdICjZwCd0p8AZBs5kWpZlbkXW2nE/zjUa+Q=="
    },
    "regenerator-runtime": {
      "version": "0.13.9",
      "resolved": "https://registry.npmjs.org/regenerator-runtime/-/regenerator-runtime-0.13.9.tgz",
      "integrity": "sha512-p3VT+cOEgxFsRRA9X4lkI1E+k2/CtnKtU4gcxyaCUreilL/vqI6CdZ3wxVUx3UOUg+gnUOQQcRI7BmSI656MYA=="
    },
    "reselect": {
      "version": "4.1.6",
      "resolved": "https://registry.npmjs.org/reselect/-/reselect-4.1.6.tgz",
      "integrity": "sha512-ZovIuXqto7elwnxyXbBtCPo9YFEr3uJqj2rRbcOOog1bmu2Ag85M4hixSwFWyaBMKXNgvPaJ9OSu9SkBPIeJHQ=="
    },
    "scheduler": {
      "version": "0.23.0",
      "resolved": "https://registry.npmjs.org/scheduler/-/scheduler-0.23.0.tgz",
      "integrity": "sha512-CtuThmgHNg7zIZWAXi3AsyIzA3n4xx7aNyjwC2VJldO2LMVDhFK+63xGqq6CsJH4rTAt6/M+N4GhZiDYPx9eUw==",
      "requires": {
        "loose-envify": "^1.1.0"
      }
    },
    "scss": {
      "version": "0.2.4",
      "resolved": "https://registry.npmjs.org/scss/-/scss-0.2.4.tgz",
      "integrity": "sha512-4u8V87F+Q/upVhUmhPnB4C1R11xojkRkWjExL2v0CX2EXTg18VrKd+9JWoeyCp2VEMdSpJsyAvVU+rVjogh51A==",
      "requires": {
        "ometa": "0.2.2"
      }
    },
    "shortid": {
      "version": "2.2.16",
      "resolved": "https://registry.npmjs.org/shortid/-/shortid-2.2.16.tgz",
      "integrity": "sha512-Ugt+GIZqvGXCIItnsL+lvFJOiN7RYqlGy7QE41O3YC1xbNSeDGIRO7xg2JJXIAj1cAGnOeC1r7/T9pgrtQbv4g==",
      "requires": {
        "nanoid": "^2.1.0"
      },
      "dependencies": {
        "nanoid": {
          "version": "2.1.11",
          "resolved": "https://registry.npmjs.org/nanoid/-/nanoid-2.1.11.tgz",
          "integrity": "sha512-s/snB+WGm6uwi0WjsZdaVcuf3KJXlfGl2LcxgwkEwJF0D/BWzVWAZW/XY4bFaiR7s0Jk3FPvlnepg1H1b1UwlA=="
        }
      }
    },
    "source-map-js": {
      "version": "1.0.2",
      "resolved": "https://registry.npmjs.org/source-map-js/-/source-map-js-1.0.2.tgz",
      "integrity": "sha512-R0XvVJ9WusLiqTCEiGCmICCMplcCkIwwR11mOSD9CR5u+IXYdiseeEuXCVAjS54zqwkLcPNnmU4OeJ6tUrWhDw=="
    },
    "styled-jsx": {
      "version": "5.0.2",
      "resolved": "https://registry.npmjs.org/styled-jsx/-/styled-jsx-5.0.2.tgz",
      "integrity": "sha512-LqPQrbBh3egD57NBcHET4qcgshPks+yblyhPlH2GY8oaDgKs8SK4C3dBh3oSJjgzJ3G5t1SYEZGHkP+QEpX9EQ=="
    },
    "use-sync-external-store": {
      "version": "1.2.0",
      "resolved": "https://registry.npmjs.org/use-sync-external-store/-/use-sync-external-store-1.2.0.tgz",
      "integrity": "sha512-eEgnFxGQ1Ife9bzYs6VLi8/4X6CObHMw9Qr9tPY43iKwsPw8xE8+EFsf/2cFZ5S3esXgpWgtSCtLNS41F+sKPA=="
    }
  }
}
